
Microsoft Visual Studio Solution File, Format Version 12.00
# Visual Studio 2012
Project("{8BC9CEB8-8B4A-11D0-8D11-00A0C91BC942}") = "HiddenWatermark", "HiddenWatermark\HiddenWatermark.vcxproj", "{315BAA3F-C71F-4E26-ABBF-157452719837}"
EndProject
Global
	GlobalSection(SolutionConfigurationPlatforms) = preSolution
		Debug|Win32 = Debug|Win32
		Release|Win32 = Release|Win32
	EndGlobalSection
	GlobalSection(ProjectConfigurationPlatforms) = postSolution
		{315BAA3F-C71F-4E26-ABBF-157452719837}.Debug|Win32.ActiveCfg = Debug|Win32
		{315BAA3F-C71F-4E26-ABBF-157452719837}.Debug|Win32.Build.0 = Debug|Win32
		{315BAA3F-C71F-4E26-ABBF-157452719837}.Release|Win32.ActiveCfg = Release|Win32
		{315BAA3F-C71F-4E26-ABBF-157452719837}.Release|Win32.Build.0 = Release|Win32
	EndGlobalSection
	GlobalSection(SolutionProperties) = preSolution
		HideSolutionNode = FALSE
	EndGlobalSection
EndGlobal
